RF_COLORS.filters: First colors in Vega mag system (2I4,A)
 22,  15  14- V = STFOC 1400(22) - Buser   V (15)  in filter file
 23,  15  17- V = STFOC 1700(23) - Buser   V (15)  in filter file
 24,  15  22- V = STFOC 2200(24) - Buser   V (15)  in filter file
 25,  15  27- V = STFOC 2700(25) - Buser   V (15)  in filter file
  1,   2  U - J = KooKron U ( 1) - KooKron J ( 2)  in filter file
  2,   3  J - F = KooKron J ( 2) - KooKron F ( 3)  in filter file
  3,   4  F - N = KooKron F ( 3) - KooKron N ( 4)  in filter file
 12,  13  U - B = Buser   U (12) - Buser   B (13)  in filter file
 14,  15  B - V = Buser   B (14) - Buser   V (15)  in filter file
 15,  84  V - R = Buser   V (15) - Cousins R (84)  in filter file
 15,  85  V - I = Buser   V (15) - Cousins I (85)  in filter file
 15,  55  V - J = Buser   V (15) - Palomar J (55)  in filter file
 15,  57  V - K = Buser   V (15) - Palomar K (57)  in filter file
 84,  85  R - I = Cousins R (84) - Cousins I (85)  in filter file
 55,  56  J - H = Palomar J (55) - Palomar H (56)  in filter file
 56,  57  H - K = Palomar H (56) - Palomar K (57)  in filter file
 15,  88  V - K'= Buser   V (15) - Cowie   K'(88)  in filter file
 15, 125  V - J = Buser   V (15) - 2MASS   J (125) in filter file
 15, 126  V - H = Buser   V (15) - 2MASS   H (126) in filter file
 15, 127  V - Ks= Buser   V (15) - 2MASS   Ks(127) in filter file
 57, 128   K -   I3.5 = Palomar K       - IRAC 3.5 micron
128, 129  I3.5 - I4.5 = IRAC 3.5 micron - IRAC 4.5 micron
129, 130  I4.5 - I5.7 = IRAC 4.5 micron - IRAC 5.7 micron
130, 131  I5.7 - I7.9 = IRAC 5.7 micron - IRAC 7.9 micron
131,  71  I7.9 - I12  = IRAC 7.9 micron - IRAS  12 micron
 71,  72  I12  - I25  = IRAS  12 micron - IRAS  25 micron
 72,  73  I25  - I60  = IRAS  25 micron - IRAS  60 micron
 73,  74  I60  - I100 = IRAS  60 micron - IRAS 100 micron
132, 133  M24  - M70  = MIPS  24 micron - MIPS  70 micron
133, 134  M70  - M160 = MIPS  70 micron - MIPS 160 micron
 74, 134  I100 - M160 = IRAS 100 micron - MIPS 160 micron
 15, 197  V - F110W = Buser V (15) - WFC3 filter F110W (197)
 15, 198  V - F125W = Buser V (15) - WFC3 filter F125W (198)
 15, 199  V - F160W = Buser V (15) - WFC3 filter F160W (199)
 15, 200  V - F225W = Buser V (15) - WFC3 filter F225W (200)
 15, 201  V - F336W = Buser V (15) - WFC3 filter F336W (201)
 15, 202  V - FR388N= Buser V (15) - WFC3 filter FR388N(202)
 15, 203  V - F438W = Buser V (15) - WFC3 filter F438W (203)
 15, 204  V - F555W = Buser V (15) - WFC3 filter F555W (204)
 15, 205  V - F814W = Buser V (15) - WFC3 filter F814W (205)
 15, 206  V - F220W = Buser V (15) - WFC3 ACS/HRC F220W(206)
 15, 207  V - F625W = Buser V (15) - WFC3 ACS/HRC F625W(207)
 15, 208  V - f225w.WFC3.UVIS1 = V (15) - f225w.WFC3.UVIS1 (208)
 15, 209  V - f336w.WFC3.UVIS1 = V (15) - f336w.WFC3.UVIS1 (209)
 15, 210  V - f438w.WFC3.UVIS1 = V (15) - f438w.WFC3.UVIS1 (210)
 15, 211  V - f547m.WFC3.UVIS1 = V (15) - f547m.WFC3.UVIS1 (211)
 15, 212  V - f555w.WFC3.UVIS1 = V (15) - f555w.WFC3.UVIS1 (212)
 15, 213  V - f606w.WFC3.UVIS1 = V (15) - f606w.WFC3.UVIS1 (213)
 15, 214  V - f625w.WFC3.UVIS1 = V (15) - f625w.WFC3.UVIS1 (214)
 15, 215  V - f656n.WFC3.UVIS1 = V (15) - f656n.WFC3.UVIS1 (215)
 15, 216  V - f657n.WFC3.UVIS1 = V (15) - f657n.WFC3.UVIS1 (216)
 15, 217  V - f658n.WFC3.UVIS1 = V (15) - f658n.WFC3.UVIS1 (217)
 15, 218  V - f814w.WFC3.UVIS1 = V (15) - f814w.WFC3.UVIS1 (218)
 15, 219  V - ACS WFC wide filter F220w = V (15)-ACS F220w (219)
 15, 220  V - ACS WFC wide filter F250w = V (15)-ACS F250w (220)
 15, 221  V - ACS WFC wide filter F330w = V (15)-ACS F330w (221)
 15, 222  V - ACS WFC wide filter F410w = V (15)-ACS F410w (222)
 15, 223  V - ACS WFC wide filter F435w = V (15)-ACS F435w (223)
 15, 224  V - ACS WFC wide filter F475w = V (15)-ACS F475w (224)
 15, 225  V - ACS WFC wide filter F555w = V (15)-ACS F555w (225)
 15, 226  V - ACS WFC wide filter F606w = V (15)-ACS F606w (226)
 15, 227  V - ACS WFC wide filter F625w = V (15)-ACS F625w (227)
 15, 228  V - ACS WFC wide filter F775w = V (15)-ACS F775w (228)
 15, 229  V - ACS WFC wide filter F814w = V (15)-ACS F814w (229)
 15,  94  V - F300w = Buser V (15) - WFPC2 F300w ( 94)
 15,  98  V - F300w = Buser V (15) - WFPC2 F300w ( 98) red leak
 15, 230  V - F336w = Buser V (15) - WFPC2 F336w (230)
 15, 231  V - F439w = Buser V (15) - WFPC2 F439w (231)
 15,  95  V - F450w = Buser V (15) - WFPC2 F450w ( 95)
 15, 232  V - F555w = Buser V (15) - WFPC2 F555w (232)
 15,  96  V - F606w = Buser V (15) - WFPC2 F606w ( 96)
 15, 233  V - F675w = Buser V (15) - WFPC2 F675w (233)
 15, 234  V - F814w = Buser V (15) - WFPC2 F814w (234)
 15,  12  V - U     = Buser V (15) - Johnson U (12)
 15,  14  V - B     = Buser V (15) - Johnson B (14)
 15,  32  V - R     = Buser V (15) - Johnson R (32)
 15,  33  V - I     = Buser V (15) - Johnson I (33)
 15,  34  V - J     = Buser V (15) - Johnson J (34)
 15,  35  V - K     = Buser V (15) - Johnson K (35)
 15,  36  V - L     = Buser V (15) - Johnson L (36)
 15, 242  V - f225w.UVIS1 = V(15) - f225w.UVIS1 (242)
 15, 243  V - f275w.UVIS1 = V(15) - f275w.UVIS1 (243)
 15, 244  V - f336w.UVIS1 = V(15) - f336w.UVIS1 (244)
 15, 245  V - f438w.UVIS1 = V(15) - f438w.UVIS1 (245)
 15, 246  V - f547m.UVIS1 = V(15) - f547m.UVIS1 (246)
 15, 247  V - f555w.UVIS1 = V(15) - f555w.UVIS1 (247)
 15, 248  V - f606w.UVIS1 = V(15) - f606w.UVIS1 (248)
 15, 249  V - f625w.UVIS1 = V(15) - f625w.UVIS1 (249)
 15, 250  V - f656n.UVIS1 = V(15) - f656n.UVIS1 (250)
 15, 251  V - f657n.UVIS1 = V(15) - f657n.UVIS1 (251)
 15, 252  V - f658n.UVIS1 = V(15) - f658n.UVIS1 (252)
 15, 253  V - f814w.UVIS1 = V(15) - f814w.UVIS1 (253)
RF_COLORS.filters: Next (up to 11) colors in AB system (2I4,A)
121, 120  g - u = SDSS    g(121) - SDSS    u (120) in filter file
121, 122  g - r = SDSS    g(121) - SDSS    r (122) in filter file
121, 123  g - i = SDSS    g(121) - SDSS    i (123) in filter file
121, 124  g - z = SDSS    g(121) - SDSS    z (124) in filter file
121, 237  g - u = SDSS    g(121) - CFHT MC u (237) in filter file
121, 238  g - g = SDSS    g(121) - CFHT MC g (238) in filter file
121, 239  g - r = SDSS    g(121) - CFHT MC r (239) in filter file
121, 255  g - i = SDSS    g(121) - CFHT MC i (255) in filter file
121, 115  g - y = SDSS    g(121) - CFHT MC y (115) in filter file
121, 241  g - z = SDSS    g(121) - CFHT MC z (241) in filter file
121, 256  g - Ks= SDSS    g(121) - CFHT MC Ks(256) in filter file
121, 139  g -G15= SDSS    g(121) - GALEX 1500(139) in filter file
121, 140  g -G23= SDSS    g(121) - GALEX 2300(140) in filter file
